
Microsoft Visual Studio Solution File, Format Version 12.00
# Visual Studio Version 17
VisualStudioVersion = 17.1.32421.90
MinimumVisualStudioVersion = 10.0.40219.1
Project("{FAE04EC0-301F-11D3-BF4B-00C04F79EFBC}") = "Exercicio13", "Exercicio13\Exercicio13.csproj", "{1BF521C5-9B16-44C5-8B12-555085D6CB8C}"
EndProject
Global
	GlobalSection(SolutionConfigurationPlatforms) = preSolution
		Debug|Any CPU = Debug|Any CPU
		Release|Any CPU = Release|Any CPU
	EndGlobalSection
	GlobalSection(ProjectConfigurationPlatforms) = postSolution
		{1BF521C5-9B16-44C5-8B12-555085D6CB8C}.Debug|Any CPU.ActiveCfg = Debug|Any CPU
		{1BF521C5-9B16-44C5-8B12-555085D6CB8C}.Debug|Any CPU.Build.0 = Debug|Any CPU
		{1BF521C5-9B16-44C5-8B12-555085D6CB8C}.Release|Any CPU.ActiveCfg = Release|Any CPU
		{1BF521C5-9B16-44C5-8B12-555085D6CB8C}.Release|Any CPU.Build.0 = Release|Any CPU
	EndGlobalSection
	GlobalSection(SolutionProperties) = preSolution
		HideSolutionNode = FALSE
	EndGlobalSection
	GlobalSection(ExtensibilityGlobals) = postSolution
		SolutionGuid = {2831EEAA-E8FC-4D2B-BB63-6AF15A7A9A2F}
	EndGlobalSection
EndGlobal
